
Microsoft Visual Studio Solution File, Format Version 12.00
# Visual Studio Version 16
VisualStudioVersion = 16.0.31702.278
MinimumVisualStudioVersion = 10.0.40219.1
Project("{FAE04EC0-301F-11D3-BF4B-00C04F79EFBC}") = "Sistema Faculdade", "Sistema Faculdade\Sistema Faculdade.csproj", "{861069B0-2573-430E-8100-2F0CD6112658}"
EndProject
Global
	GlobalSection(SolutionConfigurationPlatforms) = preSolution
		Debug|Any CPU = Debug|Any CPU
		Release|Any CPU = Release|Any CPU
	EndGlobalSection
	GlobalSection(ProjectConfigurationPlatforms) = postSolution
		{861069B0-2573-430E-8100-2F0CD6112658}.Debug|Any CPU.ActiveCfg = Debug|Any CPU
		{861069B0-2573-430E-8100-2F0CD6112658}.Debug|Any CPU.Build.0 = Debug|Any CPU
		{861069B0-2573-430E-8100-2F0CD6112658}.Release|Any CPU.ActiveCfg = Release|Any CPU
		{861069B0-2573-430E-8100-2F0CD6112658}.Release|Any CPU.Build.0 = Release|Any CPU
	EndGlobalSection
	GlobalSection(SolutionProperties) = preSolution
		HideSolutionNode = FALSE
	EndGlobalSection
	GlobalSection(ExtensibilityGlobals) = postSolution
		SolutionGuid = {5FCF4558-4B5D-4BDE-8503-A263BCE8ADF7}
	EndGlobalSection
EndGlobal
